
Microsoft Visual Studio Solution File, Format Version 12.00
# Visual Studio Version 17
VisualStudioVersion = 17.0.32112.339
MinimumVisualStudioVersion = 10.0.40219.1
Project("{FAE04EC0-301F-11D3-BF4B-00C04F79EFBC}") = "MentorMate.Geometry.App", "MentorMate.Geometry.App\MentorMate.Geometry.App.csproj", "{6591736E-C4E1-4235-99BB-B4DFB18DFD33}"
EndProject
Project("{FAE04EC0-301F-11D3-BF4B-00C04F79EFBC}") = "MentorMate.Geometry.Models", "MentorMate.Geometry.Models\MentorMate.Geometry.Models.csproj", "{11397507-3AB7-480E-88D1-2BC5D8E34566}"
EndProject
Global
	GlobalSection(SolutionConfigurationPlatforms) = preSolution
		Debug|Any CPU = Debug|Any CPU
		Release|Any CPU = Release|Any CPU
	EndGlobalSection
	GlobalSection(ProjectConfigurationPlatforms) = postSolution
		{6591736E-C4E1-4235-99BB-B4DFB18DFD33}.Debug|Any CPU.ActiveCfg = Debug|Any CPU
		{6591736E-C4E1-4235-99BB-B4DFB18DFD33}.Debug|Any CPU.Build.0 = Debug|Any CPU
		{6591736E-C4E1-4235-99BB-B4DFB18DFD33}.Release|Any CPU.ActiveCfg = Release|Any CPU
		{6591736E-C4E1-4235-99BB-B4DFB18DFD33}.Release|Any CPU.Build.0 = Release|Any CPU
		{11397507-3AB7-480E-88D1-2BC5D8E34566}.Debug|Any CPU.ActiveCfg = Debug|Any CPU
		{11397507-3AB7-480E-88D1-2BC5D8E34566}.Debug|Any CPU.Build.0 = Debug|Any CPU
		{11397507-3AB7-480E-88D1-2BC5D8E34566}.Release|Any CPU.ActiveCfg = Release|Any CPU
		{11397507-3AB7-480E-88D1-2BC5D8E34566}.Release|Any CPU.Build.0 = Release|Any CPU
	EndGlobalSection
	GlobalSection(SolutionProperties) = preSolution
		HideSolutionNode = FALSE
	EndGlobalSection
	GlobalSection(ExtensibilityGlobals) = postSolution
		SolutionGuid = {A0F7A3D8-EB7D-4408-B099-EF81BDBE608D}
	EndGlobalSection
EndGlobal
