
Microsoft Visual Studio Solution File, Format Version 12.00
# Visual Studio Version 17
VisualStudioVersion = 17.0.32112.339
MinimumVisualStudioVersion = 10.0.40219.1
Project("{FAE04EC0-301F-11D3-BF4B-00C04F79EFBC}") = "MentorMate.DeviceManager.WebApi", "MentorMate.DeviceManager.WebApi\MentorMate.DeviceManager.WebApi.csproj", "{6FFEB5F8-9B44-4829-82D1-ADD4332431C2}"
EndProject
Project("{FAE04EC0-301F-11D3-BF4B-00C04F79EFBC}") = "MentorMate.DeviceManager.Data", "MentorMate.DeviceManager.Data\MentorMate.DeviceManager.Data.csproj", "{454D82F5-529F-486F-A9E1-2E66E3CD05F3}"
EndProject
Project("{FAE04EC0-301F-11D3-BF4B-00C04F79EFBC}") = "MentorMate.DeviceManager.Business", "MentorMate.DeviceManager.Business\MentorMate.DeviceManager.Business.csproj", "{261CEE2B-BDAF-44DA-8CF9-E9CA333A9DB9}"
EndProject
Project("{FAE04EC0-301F-11D3-BF4B-00C04F79EFBC}") = "MentorMate.DeviceManager.Domain", "MentorMate.DeviceManager.Domain\MentorMate.DeviceManager.Domain.csproj", "{C67D03F3-5123-4711-BE40-5B298C7A7FC5}"
EndProject
Project("{FAE04EC0-301F-11D3-BF4B-00C04F79EFBC}") = "DeviceManager.Business.Tests", "DeviceManager.Business.Tests\DeviceManager.Business.Tests.csproj", "{2D456BED-DE90-48DA-81A1-7D429692B4E5}"
EndProject
Global
	GlobalSection(SolutionConfigurationPlatforms) = preSolution
		Debug|Any CPU = Debug|Any CPU
		Release|Any CPU = Release|Any CPU
	EndGlobalSection
	GlobalSection(ProjectConfigurationPlatforms) = postSolution
		{6FFEB5F8-9B44-4829-82D1-ADD4332431C2}.Debug|Any CPU.ActiveCfg = Debug|Any CPU
		{6FFEB5F8-9B44-4829-82D1-ADD4332431C2}.Debug|Any CPU.Build.0 = Debug|Any CPU
		{6FFEB5F8-9B44-4829-82D1-ADD4332431C2}.Release|Any CPU.ActiveCfg = Release|Any CPU
		{6FFEB5F8-9B44-4829-82D1-ADD4332431C2}.Release|Any CPU.Build.0 = Release|Any CPU
		{454D82F5-529F-486F-A9E1-2E66E3CD05F3}.Debug|Any CPU.ActiveCfg = Debug|Any CPU
		{454D82F5-529F-486F-A9E1-2E66E3CD05F3}.Debug|Any CPU.Build.0 = Debug|Any CPU
		{454D82F5-529F-486F-A9E1-2E66E3CD05F3}.Release|Any CPU.ActiveCfg = Release|Any CPU
		{454D82F5-529F-486F-A9E1-2E66E3CD05F3}.Release|Any CPU.Build.0 = Release|Any CPU
		{261CEE2B-BDAF-44DA-8CF9-E9CA333A9DB9}.Debug|Any CPU.ActiveCfg = Debug|Any CPU
		{261CEE2B-BDAF-44DA-8CF9-E9CA333A9DB9}.Debug|Any CPU.Build.0 = Debug|Any CPU
		{261CEE2B-BDAF-44DA-8CF9-E9CA333A9DB9}.Release|Any CPU.ActiveCfg = Release|Any CPU
		{261CEE2B-BDAF-44DA-8CF9-E9CA333A9DB9}.Release|Any CPU.Build.0 = Release|Any CPU
		{C67D03F3-5123-4711-BE40-5B298C7A7FC5}.Debug|Any CPU.ActiveCfg = Debug|Any CPU
		{C67D03F3-5123-4711-BE40-5B298C7A7FC5}.Debug|Any CPU.Build.0 = Debug|Any CPU
		{C67D03F3-5123-4711-BE40-5B298C7A7FC5}.Release|Any CPU.ActiveCfg = Release|Any CPU
		{C67D03F3-5123-4711-BE40-5B298C7A7FC5}.Release|Any CPU.Build.0 = Release|Any CPU
		{2D456BED-DE90-48DA-81A1-7D429692B4E5}.Debug|Any CPU.ActiveCfg = Debug|Any CPU
		{2D456BED-DE90-48DA-81A1-7D429692B4E5}.Debug|Any CPU.Build.0 = Debug|Any CPU
		{2D456BED-DE90-48DA-81A1-7D429692B4E5}.Release|Any CPU.ActiveCfg = Release|Any CPU
		{2D456BED-DE90-48DA-81A1-7D429692B4E5}.Release|Any CPU.Build.0 = Release|Any CPU
	EndGlobalSection
	GlobalSection(SolutionProperties) = preSolution
		HideSolutionNode = FALSE
	EndGlobalSection
	GlobalSection(ExtensibilityGlobals) = postSolution
		SolutionGuid = {337D067B-F863-4503-9C45-83D3C7B463D3}
	EndGlobalSection
EndGlobal
